
Microsoft Visual Studio Solution File, Format Version 12.00
# Visual Studio Version 16
VisualStudioVersion = 16.0.30128.74
MinimumVisualStudioVersion = 10.0.40219.1
Project("{FAE04EC0-301F-11D3-BF4B-00C04F79EFBC}") = "VentasExpress", "VentasExpress\VentasExpress.csproj", "{F4F370A4-7C68-4E65-A769-C49BBAC6CDD5}"
EndProject
Global
	GlobalSection(SolutionConfigurationPlatforms) = preSolution
		Debug|Any CPU = Debug|Any CPU
		Release|Any CPU = Release|Any CPU
	EndGlobalSection
	GlobalSection(ProjectConfigurationPlatforms) = postSolution
		{F4F370A4-7C68-4E65-A769-C49BBAC6CDD5}.Debug|Any CPU.ActiveCfg = Debug|Any CPU
		{F4F370A4-7C68-4E65-A769-C49BBAC6CDD5}.Debug|Any CPU.Build.0 = Debug|Any CPU
		{F4F370A4-7C68-4E65-A769-C49BBAC6CDD5}.Release|Any CPU.ActiveCfg = Release|Any CPU
		{F4F370A4-7C68-4E65-A769-C49BBAC6CDD5}.Release|Any CPU.Build.0 = Release|Any CPU
	EndGlobalSection
	GlobalSection(SolutionProperties) = preSolution
		HideSolutionNode = FALSE
	EndGlobalSection
	GlobalSection(ExtensibilityGlobals) = postSolution
		SolutionGuid = {5654C2D1-655D-4B5A-8624-3F3596BD77D2}
	EndGlobalSection
EndGlobal
